
Microsoft Visual Studio Solution File, Format Version 12.00
# Visual Studio Version 17
VisualStudioVersion = 17.0.31919.166
MinimumVisualStudioVersion = 10.0.40219.1
Project("{FAE04EC0-301F-11D3-BF4B-00C04F79EFBC}") = "ExamenHogwarts", "ExamenHogwarts\ExamenHogwarts.csproj", "{7FA13F74-23D9-4B00-90CC-2C0B8A78030C}"
EndProject
Global
	GlobalSection(SolutionConfigurationPlatforms) = preSolution
		Debug|Any CPU = Debug|Any CPU
		Release|Any CPU = Release|Any CPU
	EndGlobalSection
	GlobalSection(ProjectConfigurationPlatforms) = postSolution
		{7FA13F74-23D9-4B00-90CC-2C0B8A78030C}.Debug|Any CPU.ActiveCfg = Debug|Any CPU
		{7FA13F74-23D9-4B00-90CC-2C0B8A78030C}.Debug|Any CPU.Build.0 = Debug|Any CPU
		{7FA13F74-23D9-4B00-90CC-2C0B8A78030C}.Release|Any CPU.ActiveCfg = Release|Any CPU
		{7FA13F74-23D9-4B00-90CC-2C0B8A78030C}.Release|Any CPU.Build.0 = Release|Any CPU
	EndGlobalSection
	GlobalSection(SolutionProperties) = preSolution
		HideSolutionNode = FALSE
	EndGlobalSection
	GlobalSection(ExtensibilityGlobals) = postSolution
		SolutionGuid = {998DD0EF-72C0-4D6B-A3D4-016171D3621C}
	EndGlobalSection
EndGlobal
